# @generated by Move, please check-in and do not edit manually.

[move]
version = 2
manifest_digest = "1E59C60A6C52E3AE3E620AEB83049DAEAE847CFBBCDD9365608D6A3A73B73FA6"
deps_digest = "060AD7E57DFB13104F21BE5F5C3759D03F0553FC3229247D9A7A6B45F50D03A3"
dependencies = [
  { name = "DeepBook" },
  { name = "MoveStdlib" },
  { name = "Sui" },
]

[[move.package]]
name = "DeepBook"
source = { git = "https://github.com/MystenLabs/sui.git", rev = "testnet-v1.26.0", subdir = "crates/sui-framework/packages/deepbook" }

dependencies = [
  { name = "MoveStdlib" },
  { name = "Sui" },
]

[[move.package]]
name = "MoveStdlib"
source = { git = "https://github.com/MystenLabs/sui.git", rev = "testnet-v1.26.0", subdir = "crates/sui-framework/packages/move-stdlib" }

[[move.package]]
name = "Sui"
source = { git = "https://github.com/MystenLabs/sui.git", rev = "testnet-v1.26.0", subdir = "crates/sui-framework/packages/sui-framework" }

dependencies = [
  { name = "MoveStdlib" },
]

[move.toolchain-version]
compiler-version = "1.26.0"
edition = "legacy"
flavor = "sui"

[env]

[env.testnet]
chain-id = "4c78adac"
original-published-id = "0xa15795a17285e63de35ff77134cee61acb6af82ab512504b7411b7cf8cf5985d"
latest-published-id = "0xa15795a17285e63de35ff77134cee61acb6af82ab512504b7411b7cf8cf5985d"
published-version = "1"
